
Microsoft Visual Studio Solution File, Format Version 12.00
# Visual Studio Version 17
VisualStudioVersion = 17.4.33205.214
MinimumVisualStudioVersion = 10.0.40219.1
Project("{9A19103F-16F7-4668-BE54-9A1E7A4F7556}") = "Tenogy.Tools.FluentMigrator", "Tenogy.Tools.FluentMigrator\Tenogy.Tools.FluentMigrator.csproj", "{0DE4CD79-CC3E-4B39-9961-8913A71025FF}"
EndProject
Project("{2150E333-8FDC-42A3-9474-1A3956D46DE8}") = "@common", "@common", "{A5643D54-32D1-4586-AD6B-5731D5F1A932}"
	ProjectSection(SolutionItems) = preProject
		..\.gitignore = ..\.gitignore
		..\Contribution.md = ..\Contribution.md
		..\README.MD = ..\README.MD
	EndProjectSection
EndProject
Project("{9A19103F-16F7-4668-BE54-9A1E7A4F7556}") = "Tenogy.Tools.FluentMigrator.AddMigration", "Tenogy.Tools.FluentMigrator.AddMigration\Tenogy.Tools.FluentMigrator.AddMigration.csproj", "{75B06E4F-9CCF-472D-9F50-773AA7AEF5D7}"
EndProject
Project("{9A19103F-16F7-4668-BE54-9A1E7A4F7556}") = "Tenogy.Tools.FluentMigrator.UpdateDatabase", "Tenogy.Tools.FluentMigrator.UpdateDatabase\Tenogy.Tools.FluentMigrator.UpdateDatabase.csproj", "{C6E10F3F-B2BF-4772-A775-532F96863AE6}"
EndProject
Project("{2150E333-8FDC-42A3-9474-1A3956D46DE8}") = "@devops", "@devops", "{6FB44995-E2F3-420C-B12B-9D192C2E3887}"
	ProjectSection(SolutionItems) = preProject
		..\devops\pack.bat = ..\devops\pack.bat
		..\devops\publish.bat = ..\devops\publish.bat
	EndProjectSection
EndProject
Global
	GlobalSection(SolutionConfigurationPlatforms) = preSolution
		Debug|Any CPU = Debug|Any CPU
		Release|Any CPU = Release|Any CPU
	EndGlobalSection
	GlobalSection(ProjectConfigurationPlatforms) = postSolution
		{0DE4CD79-CC3E-4B39-9961-8913A71025FF}.Debug|Any CPU.ActiveCfg = Debug|Any CPU
		{0DE4CD79-CC3E-4B39-9961-8913A71025FF}.Debug|Any CPU.Build.0 = Debug|Any CPU
		{0DE4CD79-CC3E-4B39-9961-8913A71025FF}.Release|Any CPU.ActiveCfg = Release|Any CPU
		{0DE4CD79-CC3E-4B39-9961-8913A71025FF}.Release|Any CPU.Build.0 = Release|Any CPU
		{75B06E4F-9CCF-472D-9F50-773AA7AEF5D7}.Debug|Any CPU.ActiveCfg = Debug|Any CPU
		{75B06E4F-9CCF-472D-9F50-773AA7AEF5D7}.Debug|Any CPU.Build.0 = Debug|Any CPU
		{75B06E4F-9CCF-472D-9F50-773AA7AEF5D7}.Release|Any CPU.ActiveCfg = Release|Any CPU
		{75B06E4F-9CCF-472D-9F50-773AA7AEF5D7}.Release|Any CPU.Build.0 = Release|Any CPU
		{C6E10F3F-B2BF-4772-A775-532F96863AE6}.Debug|Any CPU.ActiveCfg = Debug|Any CPU
		{C6E10F3F-B2BF-4772-A775-532F96863AE6}.Debug|Any CPU.Build.0 = Debug|Any CPU
		{C6E10F3F-B2BF-4772-A775-532F96863AE6}.Release|Any CPU.ActiveCfg = Release|Any CPU
		{C6E10F3F-B2BF-4772-A775-532F96863AE6}.Release|Any CPU.Build.0 = Release|Any CPU
	EndGlobalSection
	GlobalSection(SolutionProperties) = preSolution
		HideSolutionNode = FALSE
	EndGlobalSection
	GlobalSection(ExtensibilityGlobals) = postSolution
		SolutionGuid = {3C06CE0E-F3B2-4948-87B5-84DE0503A313}
	EndGlobalSection
EndGlobal
